// !$*UTF8*$!
{
	archiveVersion = 1;
	classes = {
	};
	objectVersion = 51;
	objects = {

/* Begin PBXBuildFile section */
		5BF87264238556720009B15E /* GADYUMIInterstitialSampleViewController.m in Sources */ = {isa = PBXBuildFile; fileRef = 5BF87260238556720009B15E /* GADYUMIInterstitialSampleViewController.m */; };
		5BF87265238556720009B15E /* GADYUMIBannerSampleViewController.m in Sources */ = {isa = PBXBuildFile; fileRef = 5BF87262238556720009B15E /* GADYUMIBannerSampleViewController.m */; };
		5BF87266238556720009B15E /* GADYUMIRewardVideoSampleViewController.m in Sources */ = {isa = PBXBuildFile; fileRef = 5BF87263238556720009B15E /* GADYUMIRewardVideoSampleViewController.m */; };
		6D2698EA230A98A400BD1548 /* Main.storyboard in Resources */ = {isa = PBXBuildFile; fileRef = 6D2698E8230A98A400BD1548 /* Main.storyboard */; };
		6D2698ED230A98A400BD1548 /* AdMobAdapter_YumiAd_iOS.xcdatamodeld in Sources */ = {isa = PBXBuildFile; fileRef = 6D2698EB230A98A400BD1548 /* AdMobAdapter_YumiAd_iOS.xcdatamodeld */; };
		6D2698EF230A98A700BD1548 /* Assets.xcassets in Resources */ = {isa = PBXBuildFile; fileRef = 6D2698EE230A98A700BD1548 /* Assets.xcassets */; };
		6D2698F2230A98A700BD1548 /* LaunchScreen.storyboard in Resources */ = {isa = PBXBuildFile; fileRef = 6D2698F0230A98A700BD1548 /* LaunchScreen.storyboard */; };
		6D2698F5230A98A700BD1548 /* main.m in Sources */ = {isa = PBXBuildFile; fileRef = 6D2698F4230A98A700BD1548 /* main.m */; };
		6D2698FF230A98A700BD1548 /* AdMobAdapter_YumiAd_iOSTests.m in Sources */ = {isa = PBXBuildFile; fileRef = 6D2698FE230A98A700BD1548 /* AdMobAdapter_YumiAd_iOSTests.m */; };
		6D26990A230A98A700BD1548 /* AdMobAdapter_YumiAd_iOSUITests.m in Sources */ = {isa = PBXBuildFile; fileRef = 6D269909230A98A700BD1548 /* AdMobAdapter_YumiAd_iOSUITests.m */; };
		6D269925230AA11600BD1548 /* GADYUMIAppDelegate.m in Sources */ = {isa = PBXBuildFile; fileRef = 6D269921230AA11600BD1548 /* GADYUMIAppDelegate.m */; };
		6D269926230AA11600BD1548 /* GADYUMIViewController.m in Sources */ = {isa = PBXBuildFile; fileRef = 6D269924230AA11600BD1548 /* GADYUMIViewController.m */; };
		F1AE6D7D0DC7BC32258ECA27 /* Pods_AdMobAdapter_YumiAd_iOS.framework in Frameworks */ = {isa = PBXBuildFile; fileRef = 88091A91C71A150D67974E88 /* Pods_AdMobAdapter_YumiAd_iOS.framework */; };
/* End PBXBuildFile section */

/* Begin PBXContainerItemProxy section */
		6D2698FB230A98A700BD1548 /* PBXContainerItemProxy */ = {
			isa = PBXContainerItemProxy;
			containerPortal = 6D2698D7230A98A400BD1548 /* Project object */;
			proxyType = 1;
			remoteGlobalIDString = 6D2698DE230A98A400BD1548;
			remoteInfo = "AdMobAdapter-YumiAd-iOS";
		};
		6D269906230A98A700BD1548 /* PBXContainerItemProxy */ = {
			isa = PBXContainerItemProxy;
			containerPortal = 6D2698D7230A98A400BD1548 /* Project object */;
			proxyType = 1;
			remoteGlobalIDString = 6D2698DE230A98A400BD1548;
			remoteInfo = "AdMobAdapter-YumiAd-iOS";
		};
/* End PBXContainerItemProxy section */

/* Begin PBXFileReference section */
		13B090FB1F142AEF128128B1 /* Pods-AdMobAdapter-YumiAd-iOS.debug.xcconfig */ = {isa = PBXFileReference; includeInIndex = 1; lastKnownFileType = text.xcconfig; name = "Pods-AdMobAdapter-YumiAd-iOS.debug.xcconfig"; path = "Target Support Files/Pods-AdMobAdapter-YumiAd-iOS/Pods-AdMobAdapter-YumiAd-iOS.debug.xcconfig"; sourceTree = "<group>"; };
		5BF8725E238556710009B15E /* GADYUMIInterstitialSampleViewController.h */ = {isa = PBXFileReference; fileEncoding = 4; lastKnownFileType = sourcecode.c.h; path = GADYUMIInterstitialSampleViewController.h; sourceTree = "<group>"; };
		5BF8725F238556710009B15E /* GADYUMIBannerSampleViewController.h */ = {isa = PBXFileReference; fileEncoding = 4; lastKnownFileType = sourcecode.c.h; path = GADYUMIBannerSampleViewController.h; sourceTree = "<group>"; };
		5BF87260238556720009B15E /* GADYUMIInterstitialSampleViewController.m */ = {isa = PBXFileReference; fileEncoding = 4; lastKnownFileType = sourcecode.c.objc; path = GADYUMIInterstitialSampleViewController.m; sourceTree = "<group>"; };
		5BF87261238556720009B15E /* GADYUMIRewardVideoSampleViewController.h */ = {isa = PBXFileReference; fileEncoding = 4; lastKnownFileType = sourcecode.c.h; path = GADYUMIRewardVideoSampleViewController.h; sourceTree = "<group>"; };
		5BF87262238556720009B15E /* GADYUMIBannerSampleViewController.m */ = {isa = PBXFileReference; fileEncoding = 4; lastKnownFileType = sourcecode.c.objc; path = GADYUMIBannerSampleViewController.m; sourceTree = "<group>"; };
		5BF87263238556720009B15E /* GADYUMIRewardVideoSampleViewController.m */ = {isa = PBXFileReference; fileEncoding = 4; lastKnownFileType = sourcecode.c.objc; path = GADYUMIRewardVideoSampleViewController.m; sourceTree = "<group>"; };
		6D2698DF230A98A400BD1548 /* AdMobAdapter-YumiAd-iOS.app */ = {isa = PBXFileReference; explicitFileType = wrapper.application; includeInIndex = 0; path = "AdMobAdapter-YumiAd-iOS.app"; sourceTree = BUILT_PRODUCTS_DIR; };
		6D2698E9230A98A400BD1548 /* Base */ = {isa = PBXFileReference; lastKnownFileType = file.storyboard; name = Base; path = Base.lproj/Main.storyboard; sourceTree = "<group>"; };
		6D2698EC230A98A400BD1548 /* AdMobAdapter_YumiAd_iOS.xcdatamodel */ = {isa = PBXFileReference; lastKnownFileType = wrapper.xcdatamodel; path = AdMobAdapter_YumiAd_iOS.xcdatamodel; sourceTree = "<group>"; };
		6D2698EE230A98A700BD1548 /* Assets.xcassets */ = {isa = PBXFileReference; lastKnownFileType = folder.assetcatalog; path = Assets.xcassets; sourceTree = "<group>"; };
		6D2698F1230A98A700BD1548 /* Base */ = {isa = PBXFileReference; lastKnownFileType = file.storyboard; name = Base; path = Base.lproj/LaunchScreen.storyboard; sourceTree = "<group>"; };
		6D2698F3230A98A700BD1548 /* Info.plist */ = {isa = PBXFileReference; lastKnownFileType = text.plist.xml; path = Info.plist; sourceTree = "<group>"; };
		6D2698F4230A98A700BD1548 /* main.m */ = {isa = PBXFileReference; lastKnownFileType = sourcecode.c.objc; path = main.m; sourceTree = "<group>"; };
		6D2698FA230A98A700BD1548 /* AdMobAdapter-YumiAd-iOSTests.xctest */ = {isa = PBXFileReference; explicitFileType = wrapper.cfbundle; includeInIndex = 0; path = "AdMobAdapter-YumiAd-iOSTests.xctest"; sourceTree = BUILT_PRODUCTS_DIR; };
		6D2698FE230A98A700BD1548 /* AdMobAdapter_YumiAd_iOSTests.m */ = {isa = PBXFileReference; lastKnownFileType = sourcecode.c.objc; path = AdMobAdapter_YumiAd_iOSTests.m; sourceTree = "<group>"; };
		6D269900230A98A700BD1548 /* Info.plist */ = {isa = PBXFileReference; lastKnownFileType = text.plist.xml; path = Info.plist; sourceTree = "<group>"; };
		6D269905230A98A700BD1548 /* AdMobAdapter-YumiAd-iOSUITests.xctest */ = {isa = PBXFileReference; explicitFileType = wrapper.cfbundle; includeInIndex = 0; path = "AdMobAdapter-YumiAd-iOSUITests.xctest"; sourceTree = BUILT_PRODUCTS_DIR; };
		6D269909230A98A700BD1548 /* AdMobAdapter_YumiAd_iOSUITests.m */ = {isa = PBXFileReference; lastKnownFileType = sourcecode.c.objc; path = AdMobAdapter_YumiAd_iOSUITests.m; sourceTree = "<group>"; };
		6D26990B230A98A700BD1548 /* Info.plist */ = {isa = PBXFileReference; lastKnownFileType = text.plist.xml; path = Info.plist; sourceTree = "<group>"; };
		6D269921230AA11600BD1548 /* GADYUMIAppDelegate.m */ = {isa = PBXFileReference; fileEncoding = 4; lastKnownFileType = sourcecode.c.objc; path = GADYUMIAppDelegate.m; sourceTree = "<group>"; };
		6D269922230AA11600BD1548 /* GADYUMIViewController.h */ = {isa = PBXFileReference; fileEncoding = 4; lastKnownFileType = sourcecode.c.h; path = GADYUMIViewController.h; sourceTree = "<group>"; };
		6D269923230AA11600BD1548 /* GADYUMIAppDelegate.h */ = {isa = PBXFileReference; fileEncoding = 4; lastKnownFileType = sourcecode.c.h; path = GADYUMIAppDelegate.h; sourceTree = "<group>"; };
		6D269924230AA11600BD1548 /* GADYUMIViewController.m */ = {isa = PBXFileReference; fileEncoding = 4; lastKnownFileType = sourcecode.c.objc; path = GADYUMIViewController.m; sourceTree = "<group>"; };
		88091A91C71A150D67974E88 /* Pods_AdMobAdapter_YumiAd_iOS.framework */ = {isa = PBXFileReference; explicitFileType = wrapper.framework; includeInIndex = 0; path = Pods_AdMobAdapter_YumiAd_iOS.framework; sourceTree = BUILT_PRODUCTS_DIR; };
		A3308AE9DC7EA50C08F03801 /* Pods-AdMobAdapter-YumiAd-iOS.release.xcconfig */ = {isa = PBXFileReference; includeInIndex = 1; lastKnownFileType = text.xcconfig; name = "Pods-AdMobAdapter-YumiAd-iOS.release.xcconfig"; path = "Target Support Files/Pods-AdMobAdapter-YumiAd-iOS/Pods-AdMobAdapter-YumiAd-iOS.release.xcconfig"; sourceTree = "<group>"; };
/* End PBXFileReference section */

/* Begin PBXFrameworksBuildPhase section */
		6D2698DC230A98A400BD1548 /* Frameworks */ = {
			isa = PBXFrameworksBuildPhase;
			buildActionMask = 2147483647;
			files = (
				F1AE6D7D0DC7BC32258ECA27 /* Pods_AdMobAdapter_YumiAd_iOS.framework in Frameworks */,
			);
			runOnlyForDeploymentPostprocessing = 0;
		};
		6D2698F7230A98A700BD1548 /* Frameworks */ = {
			isa = PBXFrameworksBuildPhase;
			buildActionMask = 2147483647;
			files = (
			);
			runOnlyForDeploymentPostprocessing = 0;
		};
		6D269902230A98A700BD1548 /* Frameworks */ = {
			isa = PBXFrameworksBuildPhase;
			buildActionMask = 2147483647;
			files = (
			);
			runOnlyForDeploymentPostprocessing = 0;
		};
/* End PBXFrameworksBuildPhase section */

/* Begin PBXGroup section */
		1E895CB57F5048492F99C0D0 /* Pods */ = {
			isa = PBXGroup;
			children = (
				13B090FB1F142AEF128128B1 /* Pods-AdMobAdapter-YumiAd-iOS.debug.xcconfig */,
				A3308AE9DC7EA50C08F03801 /* Pods-AdMobAdapter-YumiAd-iOS.release.xcconfig */,
			);
			path = Pods;
			sourceTree = "<group>";
		};
		2AA7E130759C86C54F82515E /* Frameworks */ = {
			isa = PBXGroup;
			children = (
				88091A91C71A150D67974E88 /* Pods_AdMobAdapter_YumiAd_iOS.framework */,
			);
			name = Frameworks;
			sourceTree = "<group>";
		};
		6D2698D6230A98A400BD1548 = {
			isa = PBXGroup;
			children = (
				6D2698E1230A98A400BD1548 /* AdMobAdapter-YumiAd-iOS */,
				6D2698FD230A98A700BD1548 /* AdMobAdapter-YumiAd-iOSTests */,
				6D269908230A98A700BD1548 /* AdMobAdapter-YumiAd-iOSUITests */,
				6D2698E0230A98A400BD1548 /* Products */,
				1E895CB57F5048492F99C0D0 /* Pods */,
				2AA7E130759C86C54F82515E /* Frameworks */,
			);
			sourceTree = "<group>";
		};
		6D2698E0230A98A400BD1548 /* Products */ = {
			isa = PBXGroup;
			children = (
				6D2698DF230A98A400BD1548 /* AdMobAdapter-YumiAd-iOS.app */,
				6D2698FA230A98A700BD1548 /* AdMobAdapter-YumiAd-iOSTests.xctest */,
				6D269905230A98A700BD1548 /* AdMobAdapter-YumiAd-iOSUITests.xctest */,
			);
			name = Products;
			sourceTree = "<group>";
		};
		6D2698E1230A98A400BD1548 /* AdMobAdapter-YumiAd-iOS */ = {
			isa = PBXGroup;
			children = (
				5BF8725F238556710009B15E /* GADYUMIBannerSampleViewController.h */,
				5BF87262238556720009B15E /* GADYUMIBannerSampleViewController.m */,
				5BF8725E238556710009B15E /* GADYUMIInterstitialSampleViewController.h */,
				5BF87260238556720009B15E /* GADYUMIInterstitialSampleViewController.m */,
				5BF87261238556720009B15E /* GADYUMIRewardVideoSampleViewController.h */,
				5BF87263238556720009B15E /* GADYUMIRewardVideoSampleViewController.m */,
				6D26991A230AA10300BD1548 /* Systems */,
				6D2698E8230A98A400BD1548 /* Main.storyboard */,
				6D2698EE230A98A700BD1548 /* Assets.xcassets */,
				6D2698F0230A98A700BD1548 /* LaunchScreen.storyboard */,
				6D2698F3230A98A700BD1548 /* Info.plist */,
				6D2698F4230A98A700BD1548 /* main.m */,
				6D2698EB230A98A400BD1548 /* AdMobAdapter_YumiAd_iOS.xcdatamodeld */,
			);
			path = "AdMobAdapter-YumiAd-iOS";
			sourceTree = "<group>";
		};
		6D2698FD230A98A700BD1548 /* AdMobAdapter-YumiAd-iOSTests */ = {
			isa = PBXGroup;
			children = (
				6D2698FE230A98A700BD1548 /* AdMobAdapter_YumiAd_iOSTests.m */,
				6D269900230A98A700BD1548 /* Info.plist */,
			);
			path = "AdMobAdapter-YumiAd-iOSTests";
			sourceTree = "<group>";
		};
		6D269908230A98A700BD1548 /* AdMobAdapter-YumiAd-iOSUITests */ = {
			isa = PBXGroup;
			children = (
				6D269909230A98A700BD1548 /* AdMobAdapter_YumiAd_iOSUITests.m */,
				6D26990B230A98A700BD1548 /* Info.plist */,
			);
			path = "AdMobAdapter-YumiAd-iOSUITests";
			sourceTree = "<group>";
		};
		6D26991A230AA10300BD1548 /* Systems */ = {
			isa = PBXGroup;
			children = (
				6D269923230AA11600BD1548 /* GADYUMIAppDelegate.h */,
				6D269921230AA11600BD1548 /* GADYUMIAppDelegate.m */,
				6D269922230AA11600BD1548 /* GADYUMIViewController.h */,
				6D269924230AA11600BD1548 /* GADYUMIViewController.m */,
			);
			path = Systems;
			sourceTree = "<group>";
		};
/* End PBXGroup section */

/* Begin PBXNativeTarget section */
		6D2698DE230A98A400BD1548 /* AdMobAdapter-YumiAd-iOS */ = {
			isa = PBXNativeTarget;
			buildConfigurationList = 6D26990E230A98A700BD1548 /* Build configuration list for PBXNativeTarget "AdMobAdapter-YumiAd-iOS" */;
			buildPhases = (
				ACF2D1921EC52DCAEE5550C8 /* [CP] Check Pods Manifest.lock */,
				6D2698DB230A98A400BD1548 /* Sources */,
				6D2698DC230A98A400BD1548 /* Frameworks */,
				6D2698DD230A98A400BD1548 /* Resources */,
				7C6E0ED0552EEBC5DA1493A0 /* [CP] Embed Pods Frameworks */,
				8092F621C8871FF6EC752E2F /* [CP] Copy Pods Resources */,
			);
			buildRules = (
			);
			dependencies = (
			);
			name = "AdMobAdapter-YumiAd-iOS";
			productName = "AdMobAdapter-YumiAd-iOS";
			productReference = 6D2698DF230A98A400BD1548 /* AdMobAdapter-YumiAd-iOS.app */;
			productType = "com.apple.product-type.application";
		};
		6D2698F9230A98A700BD1548 /* AdMobAdapter-YumiAd-iOSTests */ = {
			isa = PBXNativeTarget;
			buildConfigurationList = 6D269911230A98A700BD1548 /* Build configuration list for PBXNativeTarget "AdMobAdapter-YumiAd-iOSTests" */;
			buildPhases = (
				6D2698F6230A98A700BD1548 /* Sources */,
				6D2698F7230A98A700BD1548 /* Frameworks */,
				6D2698F8230A98A700BD1548 /* Resources */,
			);
			buildRules = (
			);
			dependencies = (
				6D2698FC230A98A700BD1548 /* PBXTargetDependency */,
			);
			name = "AdMobAdapter-YumiAd-iOSTests";
			productName = "AdMobAdapter-YumiAd-iOSTests";
			productReference = 6D2698FA230A98A700BD1548 /* AdMobAdapter-YumiAd-iOSTests.xctest */;
			productType = "com.apple.product-type.bundle.unit-test";
		};
		6D269904230A98A700BD1548 /* AdMobAdapter-YumiAd-iOSUITests */ = {
			isa = PBXNativeTarget;
			buildConfigurationList = 6D269914230A98A700BD1548 /* Build configuration list for PBXNativeTarget "AdMobAdapter-YumiAd-iOSUITests" */;
			buildPhases = (
				6D269901230A98A700BD1548 /* Sources */,
				6D269902230A98A700BD1548 /* Frameworks */,
				6D269903230A98A700BD1548 /* Resources */,
			);
			buildRules = (
			);
			dependencies = (
				6D269907230A98A700BD1548 /* PBXTargetDependency */,
			);
			name = "AdMobAdapter-YumiAd-iOSUITests";
			productName = "AdMobAdapter-YumiAd-iOSUITests";
			productReference = 6D269905230A98A700BD1548 /* AdMobAdapter-YumiAd-iOSUITests.xctest */;
			productType = "com.apple.product-type.bundle.ui-testing";
		};
/* End PBXNativeTarget section */

/* Begin PBXProject section */
		6D2698D7230A98A400BD1548 /* Project object */ = {
			isa = PBXProject;
			attributes = {
				CLASSPREFIX = GADYUMI;
				LastUpgradeCheck = 1020;
				ORGANIZATIONNAME = MichaelTang;
				TargetAttributes = {
					6D2698DE230A98A400BD1548 = {
						CreatedOnToolsVersion = 10.2;
					};
					6D2698F9230A98A700BD1548 = {
						CreatedOnToolsVersion = 10.2;
						TestTargetID = 6D2698DE230A98A400BD1548;
					};
					6D269904230A98A700BD1548 = {
						CreatedOnToolsVersion = 10.2;
						TestTargetID = 6D2698DE230A98A400BD1548;
					};
				};
			};
			buildConfigurationList = 6D2698DA230A98A400BD1548 /* Build configuration list for PBXProject "AdMobAdapter-YumiAd-iOS" */;
			compatibilityVersion = "Xcode 9.3";
			developmentRegion = en;
			hasScannedForEncodings = 0;
			knownRegions = (
				en,
				Base,
			);
			mainGroup = 6D2698D6230A98A400BD1548;
			productRefGroup = 6D2698E0230A98A400BD1548 /* Products */;
			projectDirPath = "";
			projectRoot = "";
			targets = (
				6D2698DE230A98A400BD1548 /* AdMobAdapter-YumiAd-iOS */,
				6D2698F9230A98A700BD1548 /* AdMobAdapter-YumiAd-iOSTests */,
				6D269904230A98A700BD1548 /* AdMobAdapter-YumiAd-iOSUITests */,
			);
		};
/* End PBXProject section */

/* Begin PBXResourcesBuildPhase section */
		6D2698DD230A98A400BD1548 /* Resources */ = {
			isa = PBXResourcesBuildPhase;
			buildActionMask = 2147483647;
			files = (
				6D2698F2230A98A700BD1548 /* LaunchScreen.storyboard in Resources */,
				6D2698EF230A98A700BD1548 /* Assets.xcassets in Resources */,
				6D2698EA230A98A400BD1548 /* Main.storyboard in Resources */,
			);
			runOnlyForDeploymentPostprocessing = 0;
		};
		6D2698F8230A98A700BD1548 /* Resources */ = {
			isa = PBXResourcesBuildPhase;
			buildActionMask = 2147483647;
			files = (
			);
			runOnlyForDeploymentPostprocessing = 0;
		};
		6D269903230A98A700BD1548 /* Resources */ = {
			isa = PBXResourcesBuildPhase;
			buildActionMask = 2147483647;
			files = (
			);
			runOnlyForDeploymentPostprocessing = 0;
		};
/* End PBXResourcesBuildPhase section */

/* Begin PBXShellScriptBuildPhase section */
		7C6E0ED0552EEBC5DA1493A0 /* [CP] Embed Pods Frameworks */ = {
			isa = PBXShellScriptBuildPhase;
			buildActionMask = 2147483647;
			files = (
			);
			inputFileListPaths = (
				"${PODS_ROOT}/Target Support Files/Pods-AdMobAdapter-YumiAd-iOS/Pods-AdMobAdapter-YumiAd-iOS-frameworks-${CONFIGURATION}-input-files.xcfilelist",
			);
			name = "[CP] Embed Pods Frameworks";
			outputFileListPaths = (
				"${PODS_ROOT}/Target Support Files/Pods-AdMobAdapter-YumiAd-iOS/Pods-AdMobAdapter-YumiAd-iOS-frameworks-${CONFIGURATION}-output-files.xcfilelist",
			);
			runOnlyForDeploymentPostprocessing = 0;
			shellPath = /bin/sh;
			shellScript = "\"${PODS_ROOT}/Target Support Files/Pods-AdMobAdapter-YumiAd-iOS/Pods-AdMobAdapter-YumiAd-iOS-frameworks.sh\"\n";
			showEnvVarsInLog = 0;
		};
		8092F621C8871FF6EC752E2F /* [CP] Copy Pods Resources */ = {
			isa = PBXShellScriptBuildPhase;
			buildActionMask = 2147483647;
			files = (
			);
			inputFileListPaths = (
				"${PODS_ROOT}/Target Support Files/Pods-AdMobAdapter-YumiAd-iOS/Pods-AdMobAdapter-YumiAd-iOS-resources-${CONFIGURATION}-input-files.xcfilelist",
			);
			name = "[CP] Copy Pods Resources";
			outputFileListPaths = (
				"${PODS_ROOT}/Target Support Files/Pods-AdMobAdapter-YumiAd-iOS/Pods-AdMobAdapter-YumiAd-iOS-resources-${CONFIGURATION}-output-files.xcfilelist",
			);
			runOnlyForDeploymentPostprocessing = 0;
			shellPath = /bin/sh;
			shellScript = "\"${PODS_ROOT}/Target Support Files/Pods-AdMobAdapter-YumiAd-iOS/Pods-AdMobAdapter-YumiAd-iOS-resources.sh\"\n";
			showEnvVarsInLog = 0;
		};
		ACF2D1921EC52DCAEE5550C8 /* [CP] Check Pods Manifest.lock */ = {
			isa = PBXShellScriptBuildPhase;
			buildActionMask = 2147483647;
			files = (
			);
			inputFileListPaths = (
			);
			inputPaths = (
				"${PODS_PODFILE_DIR_PATH}/Podfile.lock",
				"${PODS_ROOT}/Manifest.lock",
			);
			name = "[CP] Check Pods Manifest.lock";
			outputFileListPaths = (
			);
			outputPaths = (
				"$(DERIVED_FILE_DIR)/Pods-AdMobAdapter-YumiAd-iOS-checkManifestLockResult.txt",
			);
			runOnlyForDeploymentPostprocessing = 0;
			shellPath = /bin/sh;
			shellScript = "diff \"${PODS_PODFILE_DIR_PATH}/Podfile.lock\" \"${PODS_ROOT}/Manifest.lock\" > /dev/null\nif [ $? != 0 ] ; then\n    # print error to STDERR\n    echo \"error: The sandbox is not in sync with the Podfile.lock. Run 'pod install' or update your CocoaPods installation.\" >&2\n    exit 1\nfi\n# This output is used by Xcode 'outputs' to avoid re-running this script phase.\necho \"SUCCESS\" > \"${SCRIPT_OUTPUT_FILE_0}\"\n";
			showEnvVarsInLog = 0;
		};
/* End PBXShellScriptBuildPhase section */

/* Begin PBXSourcesBuildPhase section */
		6D2698DB230A98A400BD1548 /* Sources */ = {
			isa = PBXSourcesBuildPhase;
			buildActionMask = 2147483647;
			files = (
				5BF87266238556720009B15E /* GADYUMIRewardVideoSampleViewController.m in Sources */,
				6D269925230AA11600BD1548 /* GADYUMIAppDelegate.m in Sources */,
				6D269926230AA11600BD1548 /* GADYUMIViewController.m in Sources */,
				5BF87264238556720009B15E /* GADYUMIInterstitialSampleViewController.m in Sources */,
				5BF87265238556720009B15E /* GADYUMIBannerSampleViewController.m in Sources */,
				6D2698ED230A98A400BD1548 /* AdMobAdapter_YumiAd_iOS.xcdatamodeld in Sources */,
				6D2698F5230A98A700BD1548 /* main.m in Sources */,
			);
			runOnlyForDeploymentPostprocessing = 0;
		};
		6D2698F6230A98A700BD1548 /* Sources */ = {
			isa = PBXSourcesBuildPhase;
			buildActionMask = 2147483647;
			files = (
				6D2698FF230A98A700BD1548 /* AdMobAdapter_YumiAd_iOSTests.m in Sources */,
			);
			runOnlyForDeploymentPostprocessing = 0;
		};
		6D269901230A98A700BD1548 /* Sources */ = {
			isa = PBXSourcesBuildPhase;
			buildActionMask = 2147483647;
			files = (
				6D26990A230A98A700BD1548 /* AdMobAdapter_YumiAd_iOSUITests.m in Sources */,
			);
			runOnlyForDeploymentPostprocessing = 0;
		};
/* End PBXSourcesBuildPhase section */

/* Begin PBXTargetDependency section */
		6D2698FC230A98A700BD1548 /* PBXTargetDependency */ = {
			isa = PBXTargetDependency;
			target = 6D2698DE230A98A400BD1548 /* AdMobAdapter-YumiAd-iOS */;
			targetProxy = 6D2698FB230A98A700BD1548 /* PBXContainerItemProxy */;
		};
		6D269907230A98A700BD1548 /* PBXTargetDependency */ = {
			isa = PBXTargetDependency;
			target = 6D2698DE230A98A400BD1548 /* AdMobAdapter-YumiAd-iOS */;
			targetProxy = 6D269906230A98A700BD1548 /* PBXContainerItemProxy */;
		};
/* End PBXTargetDependency section */

/* Begin PBXVariantGroup section */
		6D2698E8230A98A400BD1548 /* Main.storyboard */ = {
			isa = PBXVariantGroup;
			children = (
				6D2698E9230A98A400BD1548 /* Base */,
			);
			name = Main.storyboard;
			sourceTree = "<group>";
		};
		6D2698F0230A98A700BD1548 /* LaunchScreen.storyboard */ = {
			isa = PBXVariantGroup;
			children = (
				6D2698F1230A98A700BD1548 /* Base */,
			);
			name = LaunchScreen.storyboard;
			sourceTree = "<group>";
		};
/* End PBXVariantGroup section */

/* Begin XCBuildConfiguration section */
		6D26990C230A98A700BD1548 /* Debug */ = {
			isa = XCBuildConfiguration;
			buildSettings = {
				ALWAYS_SEARCH_USER_PATHS = NO;
				CLANG_ANALYZER_NONNULL = YES;
				CLANG_ANALYZER_NUMBER_OBJECT_CONVERSION = YES_AGGRESSIVE;
				CLANG_CXX_LANGUAGE_STANDARD = "gnu++14";
				CLANG_CXX_LIBRARY = "libc++";
				CLANG_ENABLE_MODULES = YES;
				CLANG_ENABLE_OBJC_ARC = YES;
				CLANG_ENABLE_OBJC_WEAK = YES;
				CLANG_WARN_BLOCK_CAPTURE_AUTORELEASING = YES;
				CLANG_WARN_BOOL_CONVERSION = YES;
				CLANG_WARN_COMMA = YES;
				CLANG_WARN_CONSTANT_CONVERSION = YES;
				CLANG_WARN_DEPRECATED_OBJC_IMPLEMENTATIONS = YES;
				CLANG_WARN_DIRECT_OBJC_ISA_USAGE = YES_ERROR;
				CLANG_WARN_DOCUMENTATION_COMMENTS = YES;
				CLANG_WARN_EMPTY_BODY = YES;
				CLANG_WARN_ENUM_CONVERSION = YES;
				CLANG_WARN_INFINITE_RECURSION = YES;
				CLANG_WARN_INT_CONVERSION = YES;
				CLANG_WARN_NON_LITERAL_NULL_CONVERSION = YES;
				CLANG_WARN_OBJC_IMPLICIT_RETAIN_SELF = YES;
				CLANG_WARN_OBJC_LITERAL_CONVERSION = YES;
				CLANG_WARN_OBJC_ROOT_CLASS = YES_ERROR;
				CLANG_WARN_RANGE_LOOP_ANALYSIS = YES;
				CLANG_WARN_STRICT_PROTOTYPES = YES;
				CLANG_WARN_SUSPICIOUS_MOVE = YES;
				CLANG_WARN_UNGUARDED_AVAILABILITY = YES_AGGRESSIVE;
				CLANG_WARN_UNREACHABLE_CODE = YES;
				CLANG_WARN__DUPLICATE_METHOD_MATCH = YES;
				CODE_SIGN_IDENTITY = "iPhone Developer";
				COPY_PHASE_STRIP = NO;
				DEBUG_INFORMATION_FORMAT = dwarf;
				ENABLE_STRICT_OBJC_MSGSEND = YES;
				ENABLE_TESTABILITY = YES;
				GCC_C_LANGUAGE_STANDARD = gnu11;
				GCC_DYNAMIC_NO_PIC = NO;
				GCC_NO_COMMON_BLOCKS = YES;
				GCC_OPTIMIZATION_LEVEL = 0;
				GCC_PREPROCESSOR_DEFINITIONS = (
					"DEBUG=1",
					"$(inherited)",
				);
				GCC_WARN_64_TO_32_BIT_CONVERSION = YES;
				GCC_WARN_ABOUT_RETURN_TYPE = YES_ERROR;
				GCC_WARN_UNDECLARED_SELECTOR = YES;
				GCC_WARN_UNINITIALIZED_AUTOS = YES_AGGRESSIVE;
				GCC_WARN_UNUSED_FUNCTION = YES;
				GCC_WARN_UNUSED_VARIABLE = YES;
				IPHONEOS_DEPLOYMENT_TARGET = 9.0;
				MTL_ENABLE_DEBUG_INFO = INCLUDE_SOURCE;
				MTL_FAST_MATH = YES;
				ONLY_ACTIVE_ARCH = YES;
				SDKROOT = iphoneos;
			};
			name = Debug;
		};
		6D26990D230A98A700BD1548 /* Release */ = {
			isa = XCBuildConfiguration;
			buildSettings = {
				ALWAYS_SEARCH_USER_PATHS = NO;
				CLANG_ANALYZER_NONNULL = YES;
				CLANG_ANALYZER_NUMBER_OBJECT_CONVERSION = YES_AGGRESSIVE;
				CLANG_CXX_LANGUAGE_STANDARD = "gnu++14";
				CLANG_CXX_LIBRARY = "libc++";
				CLANG_ENABLE_MODULES = YES;
				CLANG_ENABLE_OBJC_ARC = YES;
				CLANG_ENABLE_OBJC_WEAK = YES;
				CLANG_WARN_BLOCK_CAPTURE_AUTORELEASING = YES;
				CLANG_WARN_BOOL_CONVERSION = YES;
				CLANG_WARN_COMMA = YES;
				CLANG_WARN_CONSTANT_CONVERSION = YES;
				CLANG_WARN_DEPRECATED_OBJC_IMPLEMENTATIONS = YES;
				CLANG_WARN_DIRECT_OBJC_ISA_USAGE = YES_ERROR;
				CLANG_WARN_DOCUMENTATION_COMMENTS = YES;
				CLANG_WARN_EMPTY_BODY = YES;
				CLANG_WARN_ENUM_CONVERSION = YES;
				CLANG_WARN_INFINITE_RECURSION = YES;
				CLANG_WARN_INT_CONVERSION = YES;
				CLANG_WARN_NON_LITERAL_NULL_CONVERSION = YES;
				CLANG_WARN_OBJC_IMPLICIT_RETAIN_SELF = YES;
				CLANG_WARN_OBJC_LITERAL_CONVERSION = YES;
				CLANG_WARN_OBJC_ROOT_CLASS = YES_ERROR;
				CLANG_WARN_RANGE_LOOP_ANALYSIS = YES;
				CLANG_WARN_STRICT_PROTOTYPES = YES;
				CLANG_WARN_SUSPICIOUS_MOVE = YES;
				CLANG_WARN_UNGUARDED_AVAILABILITY = YES_AGGRESSIVE;
				CLANG_WARN_UNREACHABLE_CODE = YES;
				CLANG_WARN__DUPLICATE_METHOD_MATCH = YES;
				CODE_SIGN_IDENTITY = "iPhone Developer";
				COPY_PHASE_STRIP = NO;
				DEBUG_INFORMATION_FORMAT = "dwarf-with-dsym";
				ENABLE_NS_ASSERTIONS = NO;
				ENABLE_STRICT_OBJC_MSGSEND = YES;
				GCC_C_LANGUAGE_STANDARD = gnu11;
				GCC_NO_COMMON_BLOCKS = YES;
				GCC_WARN_64_TO_32_BIT_CONVERSION = YES;
				GCC_WARN_ABOUT_RETURN_TYPE = YES_ERROR;
				GCC_WARN_UNDECLARED_SELECTOR = YES;
				GCC_WARN_UNINITIALIZED_AUTOS = YES_AGGRESSIVE;
				GCC_WARN_UNUSED_FUNCTION = YES;
				GCC_WARN_UNUSED_VARIABLE = YES;
				IPHONEOS_DEPLOYMENT_TARGET = 9.0;
				MTL_ENABLE_DEBUG_INFO = NO;
				MTL_FAST_MATH = YES;
				SDKROOT = iphoneos;
				VALIDATE_PRODUCT = YES;
			};
			name = Release;
		};
		6D26990F230A98A700BD1548 /* Debug */ = {
			isa = XCBuildConfiguration;
			baseConfigurationReference = 13B090FB1F142AEF128128B1 /* Pods-AdMobAdapter-YumiAd-iOS.debug.xcconfig */;
			buildSettings = {
				ASSETCATALOG_COMPILER_APPICON_NAME = AppIcon;
				CODE_SIGN_IDENTITY = "iPhone Developer";
				CODE_SIGN_STYLE = Manual;
				CURRENT_PROJECT_VERSION = 2019121201;
				DEVELOPMENT_TEAM = L5UE3EGW93;
				INFOPLIST_FILE = "AdMobAdapter-YumiAd-iOS/Info.plist";
				IPHONEOS_DEPLOYMENT_TARGET = 9.0;
				LD_RUNPATH_SEARCH_PATHS = (
					"$(inherited)",
					"@executable_path/Frameworks",
				);
				MARKETING_VERSION = 4.5.0.000;
				PRODUCT_BUNDLE_IDENTIFIER = com.zplay.popstar;
				PRODUCT_NAME = "$(TARGET_NAME)";
				PROVISIONING_PROFILE_SPECIFIER = "DevZplay*";
				TARGETED_DEVICE_FAMILY = "1,2";
			};
			name = Debug;
		};
		6D269910230A98A700BD1548 /* Release */ = {
			isa = XCBuildConfiguration;
			baseConfigurationReference = A3308AE9DC7EA50C08F03801 /* Pods-AdMobAdapter-YumiAd-iOS.release.xcconfig */;
			buildSettings = {
				ASSETCATALOG_COMPILER_APPICON_NAME = AppIcon;
				CODE_SIGN_IDENTITY = "iPhone Distribution";
				CODE_SIGN_STYLE = Manual;
				CURRENT_PROJECT_VERSION = 2019121201;
				DEVELOPMENT_TEAM = L5UE3EGW93;
				INFOPLIST_FILE = "AdMobAdapter-YumiAd-iOS/Info.plist";
				IPHONEOS_DEPLOYMENT_TARGET = 9.0;
				LD_RUNPATH_SEARCH_PATHS = (
					"$(inherited)",
					"@executable_path/Frameworks",
				);
				MARKETING_VERSION = 4.5.0.000;
				PRODUCT_BUNDLE_IDENTIFIER = com.zplay.popstar;
				PRODUCT_NAME = "$(TARGET_NAME)";
				PROVISIONING_PROFILE_SPECIFIER = "Dis-zplay*";
				TARGETED_DEVICE_FAMILY = "1,2";
			};
			name = Release;
		};
		6D269912230A98A700BD1548 /* Debug */ = {
			isa = XCBuildConfiguration;
			buildSettings = {
				BUNDLE_LOADER = "$(TEST_HOST)";
				CODE_SIGN_STYLE = Automatic;
				DEVELOPMENT_TEAM = VG25A6M88T;
				INFOPLIST_FILE = "AdMobAdapter-YumiAd-iOSTests/Info.plist";
				LD_RUNPATH_SEARCH_PATHS = (
					"$(inherited)",
					"@executable_path/Frameworks",
					"@loader_path/Frameworks",
				);
				PRODUCT_BUNDLE_IDENTIFIER = "com.yumi.AdMobAdapter-YumiAd-iOSTests";
				PRODUCT_NAME = "$(TARGET_NAME)";
				TARGETED_DEVICE_FAMILY = "1,2";
				TEST_HOST = "$(BUILT_PRODUCTS_DIR)/AdMobAdapter-YumiAd-iOS.app/AdMobAdapter-YumiAd-iOS";
			};
			name = Debug;
		};
		6D269913230A98A700BD1548 /* Release */ = {
			isa = XCBuildConfiguration;
			buildSettings = {
				BUNDLE_LOADER = "$(TEST_HOST)";
				CODE_SIGN_STYLE = Automatic;
				DEVELOPMENT_TEAM = VG25A6M88T;
				INFOPLIST_FILE = "AdMobAdapter-YumiAd-iOSTests/Info.plist";
				LD_RUNPATH_SEARCH_PATHS = (
					"$(inherited)",
					"@executable_path/Frameworks",
					"@loader_path/Frameworks",
				);
				PRODUCT_BUNDLE_IDENTIFIER = "com.yumi.AdMobAdapter-YumiAd-iOSTests";
				PRODUCT_NAME = "$(TARGET_NAME)";
				TARGETED_DEVICE_FAMILY = "1,2";
				TEST_HOST = "$(BUILT_PRODUCTS_DIR)/AdMobAdapter-YumiAd-iOS.app/AdMobAdapter-YumiAd-iOS";
			};
			name = Release;
		};
		6D269915230A98A700BD1548 /* Debug */ = {
			isa = XCBuildConfiguration;
			buildSettings = {
				CODE_SIGN_STYLE = Automatic;
				DEVELOPMENT_TEAM = VG25A6M88T;
				INFOPLIST_FILE = "AdMobAdapter-YumiAd-iOSUITests/Info.plist";
				LD_RUNPATH_SEARCH_PATHS = (
					"$(inherited)",
					"@executable_path/Frameworks",
					"@loader_path/Frameworks",
				);
				PRODUCT_BUNDLE_IDENTIFIER = "com.yumi.AdMobAdapter-YumiAd-iOSUITests";
				PRODUCT_NAME = "$(TARGET_NAME)";
				TARGETED_DEVICE_FAMILY = "1,2";
				TEST_TARGET_NAME = "AdMobAdapter-YumiAd-iOS";
			};
			name = Debug;
		};
		6D269916230A98A700BD1548 /* Release */ = {
			isa = XCBuildConfiguration;
			buildSettings = {
				CODE_SIGN_STYLE = Automatic;
				DEVELOPMENT_TEAM = VG25A6M88T;
				INFOPLIST_FILE = "AdMobAdapter-YumiAd-iOSUITests/Info.plist";
				LD_RUNPATH_SEARCH_PATHS = (
					"$(inherited)",
					"@executable_path/Frameworks",
					"@loader_path/Frameworks",
				);
				PRODUCT_BUNDLE_IDENTIFIER = "com.yumi.AdMobAdapter-YumiAd-iOSUITests";
				PRODUCT_NAME = "$(TARGET_NAME)";
				TARGETED_DEVICE_FAMILY = "1,2";
				TEST_TARGET_NAME = "AdMobAdapter-YumiAd-iOS";
			};
			name = Release;
		};
/* End XCBuildConfiguration section */

/* Begin XCConfigurationList section */
		6D2698DA230A98A400BD1548 /* Build configuration list for PBXProject "AdMobAdapter-YumiAd-iOS" */ = {
			isa = XCConfigurationList;
			buildConfigurations = (
				6D26990C230A98A700BD1548 /* Debug */,
				6D26990D230A98A700BD1548 /* Release */,
			);
			defaultConfigurationIsVisible = 0;
			defaultConfigurationName = Release;
		};
		6D26990E230A98A700BD1548 /* Build configuration list for PBXNativeTarget "AdMobAdapter-YumiAd-iOS" */ = {
			isa = XCConfigurationList;
			buildConfigurations = (
				6D26990F230A98A700BD1548 /* Debug */,
				6D269910230A98A700BD1548 /* Release */,
			);
			defaultConfigurationIsVisible = 0;
			defaultConfigurationName = Release;
		};
		6D269911230A98A700BD1548 /* Build configuration list for PBXNativeTarget "AdMobAdapter-YumiAd-iOSTests" */ = {
			isa = XCConfigurationList;
			buildConfigurations = (
				6D269912230A98A700BD1548 /* Debug */,
				6D269913230A98A700BD1548 /* Release */,
			);
			defaultConfigurationIsVisible = 0;
			defaultConfigurationName = Release;
		};
		6D269914230A98A700BD1548 /* Build configuration list for PBXNativeTarget "AdMobAdapter-YumiAd-iOSUITests" */ = {
			isa = XCConfigurationList;
			buildConfigurations = (
				6D269915230A98A700BD1548 /* Debug */,
				6D269916230A98A700BD1548 /* Release */,
			);
			defaultConfigurationIsVisible = 0;
			defaultConfigurationName = Release;
		};
/* End XCConfigurationList section */

/* Begin XCVersionGroup section */
		6D2698EB230A98A400BD1548 /* AdMobAdapter_YumiAd_iOS.xcdatamodeld */ = {
			isa = XCVersionGroup;
			children = (
				6D2698EC230A98A400BD1548 /* AdMobAdapter_YumiAd_iOS.xcdatamodel */,
			);
			currentVersion = 6D2698EC230A98A400BD1548 /* AdMobAdapter_YumiAd_iOS.xcdatamodel */;
			path = AdMobAdapter_YumiAd_iOS.xcdatamodeld;
			sourceTree = "<group>";
			versionGroupType = wrapper.xcdatamodel;
		};
/* End XCVersionGroup section */
	};
	rootObject = 6D2698D7230A98A400BD1548 /* Project object */;
}
